
Microsoft Visual Studio Solution File, Format Version 12.00
# Visual Studio Version 16
VisualStudioVersion = 16.0.30717.126
MinimumVisualStudioVersion = 10.0.40219.1
Project("{8BC9CEB8-8B4A-11D0-8D11-00A0C91BC942}") = "1.1_solution", "1.1_solution.vcxproj", "{ECCBCD25-1596-4C51-8E5B-850C492C09CF}"
EndProject
Global
	GlobalSection(SolutionConfigurationPlatforms) = preSolution
		Debug|x64 = Debug|x64
		Debug|x86 = Debug|x86
		Release|x64 = Release|x64
		Release|x86 = Release|x86
	EndGlobalSection
	GlobalSection(ProjectConfigurationPlatforms) = postSolution
		{ECCBCD25-1596-4C51-8E5B-850C492C09CF}.Debug|x64.ActiveCfg = Debug|x64
		{ECCBCD25-1596-4C51-8E5B-850C492C09CF}.Debug|x64.Build.0 = Debug|x64
		{ECCBCD25-1596-4C51-8E5B-850C492C09CF}.Debug|x86.ActiveCfg = Debug|Win32
		{ECCBCD25-1596-4C51-8E5B-850C492C09CF}.Debug|x86.Build.0 = Debug|Win32
		{ECCBCD25-1596-4C51-8E5B-850C492C09CF}.Release|x64.ActiveCfg = Release|x64
		{ECCBCD25-1596-4C51-8E5B-850C492C09CF}.Release|x64.Build.0 = Release|x64
		{ECCBCD25-1596-4C51-8E5B-850C492C09CF}.Release|x86.ActiveCfg = Release|Win32
		{ECCBCD25-1596-4C51-8E5B-850C492C09CF}.Release|x86.Build.0 = Release|Win32
	EndGlobalSection
	GlobalSection(SolutionProperties) = preSolution
		HideSolutionNode = FALSE
	EndGlobalSection
	GlobalSection(ExtensibilityGlobals) = postSolution
		SolutionGuid = {2CD3D2FD-16FA-4D91-B6D5-6BB5FC4470C5}
	EndGlobalSection
EndGlobal
